
Microsoft Visual Studio Solution File, Format Version 12.00
# Visual Studio 2013
VisualStudioVersion = 12.0.40629.0
MinimumVisualStudioVersion = 10.0.40219.1
Project("{FAE04EC0-301F-11D3-BF4B-00C04F79EFBC}") = "RabbitMQTest", "RabbitMQTest\RabbitMQTest.csproj", "{905A6E1C-D3C5-4C2C-A2E2-623EF888B1F4}"
EndProject
Project("{FAE04EC0-301F-11D3-BF4B-00C04F79EFBC}") = "RabbitMQReceiving", "RabbitMQReceiving\RabbitMQReceiving.csproj", "{C51718E0-7C7D-45EA-A083-7A50A33EDB78}"
EndProject
Global
	GlobalSection(SolutionConfigurationPlatforms) = preSolution
		Debug|Any CPU = Debug|Any CPU
		Release|Any CPU = Release|Any CPU
	EndGlobalSection
	GlobalSection(ProjectConfigurationPlatforms) = postSolution
		{905A6E1C-D3C5-4C2C-A2E2-623EF888B1F4}.Debug|Any CPU.ActiveCfg = Debug|Any CPU
		{905A6E1C-D3C5-4C2C-A2E2-623EF888B1F4}.Debug|Any CPU.Build.0 = Debug|Any CPU
		{905A6E1C-D3C5-4C2C-A2E2-623EF888B1F4}.Release|Any CPU.ActiveCfg = Release|Any CPU
		{905A6E1C-D3C5-4C2C-A2E2-623EF888B1F4}.Release|Any CPU.Build.0 = Release|Any CPU
		{C51718E0-7C7D-45EA-A083-7A50A33EDB78}.Debug|Any CPU.ActiveCfg = Debug|Any CPU
		{C51718E0-7C7D-45EA-A083-7A50A33EDB78}.Debug|Any CPU.Build.0 = Debug|Any CPU
		{C51718E0-7C7D-45EA-A083-7A50A33EDB78}.Release|Any CPU.ActiveCfg = Release|Any CPU
		{C51718E0-7C7D-45EA-A083-7A50A33EDB78}.Release|Any CPU.Build.0 = Release|Any CPU
	EndGlobalSection
	GlobalSection(SolutionProperties) = preSolution
		HideSolutionNode = FALSE
	EndGlobalSection
EndGlobal
