
Microsoft Visual Studio Solution File, Format Version 12.00
# Visual Studio 2013
VisualStudioVersion = 12.0.40629.0
MinimumVisualStudioVersion = 10.0.40219.1
Project("{FAE04EC0-301F-11D3-BF4B-00C04F79EFBC}") = "RabbitMQTest", "RabbitMQTest\RabbitMQTest.csproj", "{905A6E1C-D3C5-4C2C-A2E2-623EF888B1F4}"
EndProject
Project("{FAE04EC0-301F-11D3-BF4B-00C04F79EFBC}") = "RabbitMQReceiving", "RabbitMQReceiving\RabbitMQReceiving.csproj", "{C51718E0-7C7D-45EA-A083-7A50A33EDB78}"
EndProject
Project("{2150E333-8FDC-42A3-9474-1A3956D46DE8}") = "Work Queues", "Work Queues", "{83483478-F890-4EDF-9A03-BF4BD51E85EE}"
EndProject
Project("{FAE04EC0-301F-11D3-BF4B-00C04F79EFBC}") = "NewTask", "NewTask\NewTask.csproj", "{3210FF52-D8A4-4A24-A5CB-F4C7FC8B9E4F}"
EndProject
Project("{FAE04EC0-301F-11D3-BF4B-00C04F79EFBC}") = "Worker", "Worker\Worker.csproj", "{D3C65ACF-0447-4F16-8EEE-37A98739B7CF}"
EndProject
Project("{FAE04EC0-301F-11D3-BF4B-00C04F79EFBC}") = "WorkerWithoutBasicAck", "WorkerWithoutBasicAck\WorkerWithoutBasicAck.csproj", "{7BBD548E-27D5-4E6D-BFFA-FFF66609D0CE}"
EndProject
Project("{2150E333-8FDC-42A3-9474-1A3956D46DE8}") = "Exchange Test", "Exchange Test", "{B3F1EAC8-96D5-4228-8E45-055E520EC9F3}"
EndProject
Project("{FAE04EC0-301F-11D3-BF4B-00C04F79EFBC}") = "EmitLogs", "EmitLogs\EmitLogs.csproj", "{DD9CD682-D6F1-42FB-A0DB-955F403DC1B4}"
EndProject
Project("{FAE04EC0-301F-11D3-BF4B-00C04F79EFBC}") = "ReceiveLogs", "ReceiveLogs\ReceiveLogs.csproj", "{0FBF9675-6B14-46B6-AF3B-D57E5543E2CE}"
EndProject
Project("{2150E333-8FDC-42A3-9474-1A3956D46DE8}") = "Routing Test", "Routing Test", "{17996E0A-0F15-4DD2-817E-607DD86BA5E6}"
EndProject
Project("{FAE04EC0-301F-11D3-BF4B-00C04F79EFBC}") = "ReceiveLogsDirect", "ReceiveLogsDirect\ReceiveLogsDirect.csproj", "{49DD6DBC-21C8-4FBE-874E-2A342537ABC5}"
EndProject
Project("{FAE04EC0-301F-11D3-BF4B-00C04F79EFBC}") = "EmitLogDirect", "EmitLogDirect\EmitLogDirect.csproj", "{2A0620FE-B9CD-48FD-86BC-61BD3519E9E9}"
EndProject
Project("{2150E333-8FDC-42A3-9474-1A3956D46DE8}") = "RPC Test", "RPC Test", "{AEC42DCB-D526-4B97-81C9-E57E7D01795F}"
EndProject
Project("{FAE04EC0-301F-11D3-BF4B-00C04F79EFBC}") = "RPCServer", "RPCServer\RPCServer.csproj", "{C103C53E-25DC-43B1-B69E-30C9C109F507}"
EndProject
Project("{FAE04EC0-301F-11D3-BF4B-00C04F79EFBC}") = "RPCClient", "RPCClient\RPCClient.csproj", "{B9D91832-639B-4B2B-B676-48600ED730F8}"
EndProject
Project("{2150E333-8FDC-42A3-9474-1A3956D46DE8}") = "Topics", "Topics", "{1C8396E0-C09D-468B-B111-ECB2B5F3F173}"
EndProject
Project("{FAE04EC0-301F-11D3-BF4B-00C04F79EFBC}") = "EmitLogTopic", "EmitLogTopic\EmitLogTopic.csproj", "{559B5CC9-D9B3-4D10-8FE9-8ECD9A5A1780}"
EndProject
Project("{FAE04EC0-301F-11D3-BF4B-00C04F79EFBC}") = "ReceiveLogsTopic", "ReceiveLogsTopic\ReceiveLogsTopic.csproj", "{83C50C5F-678E-4DE0-AD16-69E1B38F76B8}"
EndProject
Global
	GlobalSection(SolutionConfigurationPlatforms) = preSolution
		Debug|Any CPU = Debug|Any CPU
		Release|Any CPU = Release|Any CPU
	EndGlobalSection
	GlobalSection(ProjectConfigurationPlatforms) = postSolution
		{905A6E1C-D3C5-4C2C-A2E2-623EF888B1F4}.Debug|Any CPU.ActiveCfg = Debug|Any CPU
		{905A6E1C-D3C5-4C2C-A2E2-623EF888B1F4}.Debug|Any CPU.Build.0 = Debug|Any CPU
		{905A6E1C-D3C5-4C2C-A2E2-623EF888B1F4}.Release|Any CPU.ActiveCfg = Release|Any CPU
		{905A6E1C-D3C5-4C2C-A2E2-623EF888B1F4}.Release|Any CPU.Build.0 = Release|Any CPU
		{C51718E0-7C7D-45EA-A083-7A50A33EDB78}.Debug|Any CPU.ActiveCfg = Debug|Any CPU
		{C51718E0-7C7D-45EA-A083-7A50A33EDB78}.Debug|Any CPU.Build.0 = Debug|Any CPU
		{C51718E0-7C7D-45EA-A083-7A50A33EDB78}.Release|Any CPU.ActiveCfg = Release|Any CPU
		{C51718E0-7C7D-45EA-A083-7A50A33EDB78}.Release|Any CPU.Build.0 = Release|Any CPU
		{3210FF52-D8A4-4A24-A5CB-F4C7FC8B9E4F}.Debug|Any CPU.ActiveCfg = Debug|Any CPU
		{3210FF52-D8A4-4A24-A5CB-F4C7FC8B9E4F}.Debug|Any CPU.Build.0 = Debug|Any CPU
		{3210FF52-D8A4-4A24-A5CB-F4C7FC8B9E4F}.Release|Any CPU.ActiveCfg = Release|Any CPU
		{3210FF52-D8A4-4A24-A5CB-F4C7FC8B9E4F}.Release|Any CPU.Build.0 = Release|Any CPU
		{D3C65ACF-0447-4F16-8EEE-37A98739B7CF}.Debug|Any CPU.ActiveCfg = Debug|Any CPU
		{D3C65ACF-0447-4F16-8EEE-37A98739B7CF}.Debug|Any CPU.Build.0 = Debug|Any CPU
		{D3C65ACF-0447-4F16-8EEE-37A98739B7CF}.Release|Any CPU.ActiveCfg = Release|Any CPU
		{D3C65ACF-0447-4F16-8EEE-37A98739B7CF}.Release|Any CPU.Build.0 = Release|Any CPU
		{7BBD548E-27D5-4E6D-BFFA-FFF66609D0CE}.Debug|Any CPU.ActiveCfg = Debug|Any CPU
		{7BBD548E-27D5-4E6D-BFFA-FFF66609D0CE}.Debug|Any CPU.Build.0 = Debug|Any CPU
		{7BBD548E-27D5-4E6D-BFFA-FFF66609D0CE}.Release|Any CPU.ActiveCfg = Release|Any CPU
		{7BBD548E-27D5-4E6D-BFFA-FFF66609D0CE}.Release|Any CPU.Build.0 = Release|Any CPU
		{DD9CD682-D6F1-42FB-A0DB-955F403DC1B4}.Debug|Any CPU.ActiveCfg = Debug|Any CPU
		{DD9CD682-D6F1-42FB-A0DB-955F403DC1B4}.Debug|Any CPU.Build.0 = Debug|Any CPU
		{DD9CD682-D6F1-42FB-A0DB-955F403DC1B4}.Release|Any CPU.ActiveCfg = Release|Any CPU
		{DD9CD682-D6F1-42FB-A0DB-955F403DC1B4}.Release|Any CPU.Build.0 = Release|Any CPU
		{0FBF9675-6B14-46B6-AF3B-D57E5543E2CE}.Debug|Any CPU.ActiveCfg = Debug|Any CPU
		{0FBF9675-6B14-46B6-AF3B-D57E5543E2CE}.Debug|Any CPU.Build.0 = Debug|Any CPU
		{0FBF9675-6B14-46B6-AF3B-D57E5543E2CE}.Release|Any CPU.ActiveCfg = Release|Any CPU
		{0FBF9675-6B14-46B6-AF3B-D57E5543E2CE}.Release|Any CPU.Build.0 = Release|Any CPU
		{49DD6DBC-21C8-4FBE-874E-2A342537ABC5}.Debug|Any CPU.ActiveCfg = Debug|Any CPU
		{49DD6DBC-21C8-4FBE-874E-2A342537ABC5}.Debug|Any CPU.Build.0 = Debug|Any CPU
		{49DD6DBC-21C8-4FBE-874E-2A342537ABC5}.Release|Any CPU.ActiveCfg = Release|Any CPU
		{49DD6DBC-21C8-4FBE-874E-2A342537ABC5}.Release|Any CPU.Build.0 = Release|Any CPU
		{2A0620FE-B9CD-48FD-86BC-61BD3519E9E9}.Debug|Any CPU.ActiveCfg = Debug|Any CPU
		{2A0620FE-B9CD-48FD-86BC-61BD3519E9E9}.Debug|Any CPU.Build.0 = Debug|Any CPU
		{2A0620FE-B9CD-48FD-86BC-61BD3519E9E9}.Release|Any CPU.ActiveCfg = Release|Any CPU
		{2A0620FE-B9CD-48FD-86BC-61BD3519E9E9}.Release|Any CPU.Build.0 = Release|Any CPU
		{C103C53E-25DC-43B1-B69E-30C9C109F507}.Debug|Any CPU.ActiveCfg = Debug|Any CPU
		{C103C53E-25DC-43B1-B69E-30C9C109F507}.Debug|Any CPU.Build.0 = Debug|Any CPU
		{C103C53E-25DC-43B1-B69E-30C9C109F507}.Release|Any CPU.ActiveCfg = Release|Any CPU
		{C103C53E-25DC-43B1-B69E-30C9C109F507}.Release|Any CPU.Build.0 = Release|Any CPU
		{B9D91832-639B-4B2B-B676-48600ED730F8}.Debug|Any CPU.ActiveCfg = Debug|Any CPU
		{B9D91832-639B-4B2B-B676-48600ED730F8}.Debug|Any CPU.Build.0 = Debug|Any CPU
		{B9D91832-639B-4B2B-B676-48600ED730F8}.Release|Any CPU.ActiveCfg = Release|Any CPU
		{B9D91832-639B-4B2B-B676-48600ED730F8}.Release|Any CPU.Build.0 = Release|Any CPU
		{559B5CC9-D9B3-4D10-8FE9-8ECD9A5A1780}.Debug|Any CPU.ActiveCfg = Debug|Any CPU
		{559B5CC9-D9B3-4D10-8FE9-8ECD9A5A1780}.Debug|Any CPU.Build.0 = Debug|Any CPU
		{559B5CC9-D9B3-4D10-8FE9-8ECD9A5A1780}.Release|Any CPU.ActiveCfg = Release|Any CPU
		{559B5CC9-D9B3-4D10-8FE9-8ECD9A5A1780}.Release|Any CPU.Build.0 = Release|Any CPU
		{83C50C5F-678E-4DE0-AD16-69E1B38F76B8}.Debug|Any CPU.ActiveCfg = Debug|Any CPU
		{83C50C5F-678E-4DE0-AD16-69E1B38F76B8}.Debug|Any CPU.Build.0 = Debug|Any CPU
		{83C50C5F-678E-4DE0-AD16-69E1B38F76B8}.Release|Any CPU.ActiveCfg = Release|Any CPU
		{83C50C5F-678E-4DE0-AD16-69E1B38F76B8}.Release|Any CPU.Build.0 = Release|Any CPU
	EndGlobalSection
	GlobalSection(SolutionProperties) = preSolution
		HideSolutionNode = FALSE
	EndGlobalSection
	GlobalSection(NestedProjects) = preSolution
		{3210FF52-D8A4-4A24-A5CB-F4C7FC8B9E4F} = {83483478-F890-4EDF-9A03-BF4BD51E85EE}
		{D3C65ACF-0447-4F16-8EEE-37A98739B7CF} = {83483478-F890-4EDF-9A03-BF4BD51E85EE}
		{7BBD548E-27D5-4E6D-BFFA-FFF66609D0CE} = {83483478-F890-4EDF-9A03-BF4BD51E85EE}
		{DD9CD682-D6F1-42FB-A0DB-955F403DC1B4} = {B3F1EAC8-96D5-4228-8E45-055E520EC9F3}
		{0FBF9675-6B14-46B6-AF3B-D57E5543E2CE} = {B3F1EAC8-96D5-4228-8E45-055E520EC9F3}
		{49DD6DBC-21C8-4FBE-874E-2A342537ABC5} = {17996E0A-0F15-4DD2-817E-607DD86BA5E6}
		{2A0620FE-B9CD-48FD-86BC-61BD3519E9E9} = {17996E0A-0F15-4DD2-817E-607DD86BA5E6}
		{C103C53E-25DC-43B1-B69E-30C9C109F507} = {AEC42DCB-D526-4B97-81C9-E57E7D01795F}
		{B9D91832-639B-4B2B-B676-48600ED730F8} = {AEC42DCB-D526-4B97-81C9-E57E7D01795F}
		{559B5CC9-D9B3-4D10-8FE9-8ECD9A5A1780} = {1C8396E0-C09D-468B-B111-ECB2B5F3F173}
		{83C50C5F-678E-4DE0-AD16-69E1B38F76B8} = {1C8396E0-C09D-468B-B111-ECB2B5F3F173}
	EndGlobalSection
EndGlobal
